
Microsoft Visual Studio Solution File, Format Version 12.00
# Visual Studio 15
Project("{FAE04EC0-301F-11D3-BF4B-00C04F79EFBC}") = "Assembly-CSharp", "Assembly-CSharp.csproj", "{3D39951C-6DBD-BD03-2820-13CCB5CF9EBB}"
EndProject
Project("{FAE04EC0-301F-11D3-BF4B-00C04F79EFBC}") = "Assembly-CSharp-Editor", "Assembly-CSharp-Editor.csproj", "{F5E2A5B1-EB77-627E-8569-2C6BF611E555}"
EndProject
Global
	GlobalSection(SolutionConfigurationPlatforms) = preSolution
		Debug|Any CPU = Debug|Any CPU
		Release|Any CPU = Release|Any CPU
	EndGlobalSection
	GlobalSection(ProjectConfigurationPlatforms) = postSolution
		{3D39951C-6DBD-BD03-2820-13CCB5CF9EBB}.Debug|Any CPU.ActiveCfg = Debug|Any CPU
		{3D39951C-6DBD-BD03-2820-13CCB5CF9EBB}.Debug|Any CPU.Build.0 = Debug|Any CPU
		{3D39951C-6DBD-BD03-2820-13CCB5CF9EBB}.Release|Any CPU.ActiveCfg = Release|Any CPU
		{3D39951C-6DBD-BD03-2820-13CCB5CF9EBB}.Release|Any CPU.Build.0 = Release|Any CPU
		{F5E2A5B1-EB77-627E-8569-2C6BF611E555}.Debug|Any CPU.ActiveCfg = Debug|Any CPU
		{F5E2A5B1-EB77-627E-8569-2C6BF611E555}.Debug|Any CPU.Build.0 = Debug|Any CPU
		{F5E2A5B1-EB77-627E-8569-2C6BF611E555}.Release|Any CPU.ActiveCfg = Release|Any CPU
		{F5E2A5B1-EB77-627E-8569-2C6BF611E555}.Release|Any CPU.Build.0 = Release|Any CPU
	EndGlobalSection
	GlobalSection(SolutionProperties) = preSolution
		HideSolutionNode = FALSE
	EndGlobalSection
EndGlobal
